Microsoft Visual Studio Solution File, Format Version 12.00
# Visual Studio Version 17
VisualStudioVersion = 17.0.31903.59
MinimumVisualStudioVersion = 10.0.40219.1
Project("{FAE04EC0-301F-11D3-BF4B-00C04F79EFBC}") = "Game.Core", "src\Game.Core\Game.Core.csproj", "{A2D4BC9E-3397-4F24-9E99-8D0C4F37E4B1}"
EndProject
Project("{FAE04EC0-301F-11D3-BF4B-00C04F79EFBC}") = "Game.Editor", "src\Game.Editor\Game.Editor.csproj", "{C9B1EC70-5F88-4D88-B046-E1CF2F522033}"
EndProject
Project("{FAE04EC0-301F-11D3-BF4B-00C04F79EFBC}") = "Game.Web", "src\Game.Web\Game.Web.csproj", "{F89DD176-AD97-441D-B225-F93AB7B7724E}"
EndProject
Project("{FAE04EC0-301F-11D3-BF4B-00C04F79EFBC}") = "Game.Core.Tests", "tests\Game.Core.Tests\Game.Core.Tests.csproj", "{C6ECF0B9-635E-4528-85B4-9EE1F78C36F8}"
EndProject
Global
  GlobalSection(SolutionConfigurationPlatforms) = preSolution
    Debug|Any CPU = Debug|Any CPU
    Release|Any CPU = Release|Any CPU
  EndGlobalSection
  GlobalSection(ProjectConfigurationPlatforms) = postSolution
    {A2D4BC9E-3397-4F24-9E99-8D0C4F37E4B1}.Debug|Any CPU.ActiveCfg = Debug|Any CPU
    {A2D4BC9E-3397-4F24-9E99-8D0C4F37E4B1}.Debug|Any CPU.Build.0 = Debug|Any CPU
    {A2D4BC9E-3397-4F24-9E99-8D0C4F37E4B1}.Release|Any CPU.ActiveCfg = Release|Any CPU
    {A2D4BC9E-3397-4F24-9E99-8D0C4F37E4B1}.Release|Any CPU.Build.0 = Release|Any CPU
    {C9B1EC70-5F88-4D88-B046-E1CF2F522033}.Debug|Any CPU.ActiveCfg = Debug|Any CPU
    {C9B1EC70-5F88-4D88-B046-E1CF2F522033}.Debug|Any CPU.Build.0 = Debug|Any CPU
    {C9B1EC70-5F88-4D88-B046-E1CF2F522033}.Release|Any CPU.ActiveCfg = Release|Any CPU
    {C9B1EC70-5F88-4D88-B046-E1CF2F522033}.Release|Any CPU.Build.0 = Release|Any CPU
    {F89DD176-AD97-441D-B225-F93AB7B7724E}.Debug|Any CPU.ActiveCfg = Debug|Any CPU
    {F89DD176-AD97-441D-B225-F93AB7B7724E}.Debug|Any CPU.Build.0 = Debug|Any CPU
    {F89DD176-AD97-441D-B225-F93AB7B7724E}.Release|Any CPU.ActiveCfg = Release|Any CPU
    {F89DD176-AD97-441D-B225-F93AB7B7724E}.Release|Any CPU.Build.0 = Release|Any CPU
    {C6ECF0B9-635E-4528-85B4-9EE1F78C36F8}.Debug|Any CPU.ActiveCfg = Debug|Any CPU
    {C6ECF0B9-635E-4528-85B4-9EE1F78C36F8}.Debug|Any CPU.Build.0 = Debug|Any CPU
    {C6ECF0B9-635E-4528-85B4-9EE1F78C36F8}.Release|Any CPU.ActiveCfg = Release|Any CPU
    {C6ECF0B9-635E-4528-85B4-9EE1F78C36F8}.Release|Any CPU.Build.0 = Release|Any CPU
  EndGlobalSection
EndGlobal
